
Microsoft Visual Studio Solution File, Format Version 12.00
# Visual Studio Version 16
VisualStudioVersion = 16.0.29123.88
MinimumVisualStudioVersion = 10.0.40219.1
Project("{9A19103F-16F7-4668-BE54-9A1E7A4F7556}") = "SharedTransitions", "SharedTransitions\SharedTransitions.csproj", "{447B5F11-2F97-4E1D-89FF-B8DC2889B81B}"
EndProject
Project("{2150E333-8FDC-42A3-9474-1A3956D46DE8}") = "Samples", "Samples", "{99F3344F-C280-417E-8DE5-91FC0C5968D4}"
EndProject
Global
	GlobalSection(SolutionConfigurationPlatforms) = preSolution
		Ad-Hoc|Any CPU = Ad-Hoc|Any CPU
		Ad-Hoc|iPhone = Ad-Hoc|iPhone
		Ad-Hoc|iPhoneSimulator = Ad-Hoc|iPhoneSimulator
		AppStore|Any CPU = AppStore|Any CPU
		AppStore|iPhone = AppStore|iPhone
		AppStore|iPhoneSimulator = AppStore|iPhoneSimulator
		Debug|Any CPU = Debug|Any CPU
		Debug|iPhone = Debug|iPhone
		Debug|iPhoneSimulator = Debug|iPhoneSimulator
		Release|Any CPU = Release|Any CPU
		Release|iPhone = Release|iPhone
		Release|iPhoneSimulator = Release|iPhoneSimulator
	EndGlobalSection
	GlobalSection(ProjectConfigurationPlatforms) = postSolution
		{447B5F11-2F97-4E1D-89FF-B8DC2889B81B}.Ad-Hoc|Any CPU.ActiveCfg = Release|Any CPU
		{447B5F11-2F97-4E1D-89FF-B8DC2889B81B}.Ad-Hoc|Any CPU.Build.0 = Release|Any CPU
		{447B5F11-2F97-4E1D-89FF-B8DC2889B81B}.Ad-Hoc|iPhone.ActiveCfg = Release|Any CPU
		{447B5F11-2F97-4E1D-89FF-B8DC2889B81B}.Ad-Hoc|iPhone.Build.0 = Release|Any CPU
		{447B5F11-2F97-4E1D-89FF-B8DC2889B81B}.Ad-Hoc|iPhoneSimulator.ActiveCfg = Release|Any CPU
		{447B5F11-2F97-4E1D-89FF-B8DC2889B81B}.Ad-Hoc|iPhoneSimulator.Build.0 = Release|Any CPU
		{447B5F11-2F97-4E1D-89FF-B8DC2889B81B}.AppStore|Any CPU.ActiveCfg = Release|Any CPU
		{447B5F11-2F97-4E1D-89FF-B8DC2889B81B}.AppStore|Any CPU.Build.0 = Release|Any CPU
		{447B5F11-2F97-4E1D-89FF-B8DC2889B81B}.AppStore|iPhone.ActiveCfg = Release|Any CPU
		{447B5F11-2F97-4E1D-89FF-B8DC2889B81B}.AppStore|iPhone.Build.0 = Release|Any CPU
		{447B5F11-2F97-4E1D-89FF-B8DC2889B81B}.AppStore|iPhoneSimulator.ActiveCfg = Release|Any CPU
		{447B5F11-2F97-4E1D-89FF-B8DC2889B81B}.AppStore|iPhoneSimulator.Build.0 = Release|Any CPU
		{447B5F11-2F97-4E1D-89FF-B8DC2889B81B}.Debug|Any CPU.ActiveCfg = Debug|Any CPU
		{447B5F11-2F97-4E1D-89FF-B8DC2889B81B}.Debug|Any CPU.Build.0 = Debug|Any CPU
		{447B5F11-2F97-4E1D-89FF-B8DC2889B81B}.Debug|iPhone.ActiveCfg = Debug|Any CPU
		{447B5F11-2F97-4E1D-89FF-B8DC2889B81B}.Debug|iPhone.Build.0 = Debug|Any CPU
		{447B5F11-2F97-4E1D-89FF-B8DC2889B81B}.Debug|iPhoneSimulator.ActiveCfg = Debug|Any CPU
		{447B5F11-2F97-4E1D-89FF-B8DC2889B81B}.Debug|iPhoneSimulator.Build.0 = Debug|Any CPU
		{447B5F11-2F97-4E1D-89FF-B8DC2889B81B}.Release|Any CPU.ActiveCfg = Release|Any CPU
		{447B5F11-2F97-4E1D-89FF-B8DC2889B81B}.Release|Any CPU.Build.0 = Release|Any CPU
		{447B5F11-2F97-4E1D-89FF-B8DC2889B81B}.Release|iPhone.ActiveCfg = Release|Any CPU
		{447B5F11-2F97-4E1D-89FF-B8DC2889B81B}.Release|iPhone.Build.0 = Release|Any CPU
		{447B5F11-2F97-4E1D-89FF-B8DC2889B81B}.Release|iPhoneSimulator.ActiveCfg = Release|Any CPU
		{447B5F11-2F97-4E1D-89FF-B8DC2889B81B}.Release|iPhoneSimulator.Build.0 = Release|Any CPU
	EndGlobalSection
	GlobalSection(SolutionProperties) = preSolution
		HideSolutionNode = FALSE
	EndGlobalSection
	GlobalSection(NestedProjects) = preSolution
	EndGlobalSection
	GlobalSection(ExtensibilityGlobals) = postSolution
		SolutionGuid = {5372EA52-E688-4540-8FC5-33858B9AEC30}
	EndGlobalSection
EndGlobal
